
Microsoft Visual Studio Solution File, Format Version 12.00
# Visual Studio Version 17
VisualStudioVersion = 17.3.32929.385
MinimumVisualStudioVersion = 10.0.40219.1
Project("{FAE04EC0-301F-11D3-BF4B-00C04F79EFBC}") = "TransportationManagement.Web", "TransportationManagement.Web\TransportationManagement.Web.csproj", "{7AECB3D3-9D5B-475D-BDA5-078D46319AA8}"
EndProject
Global
	GlobalSection(SolutionConfigurationPlatforms) = preSolution
		Debug|Any CPU = Debug|Any CPU
		Release|Any CPU = Release|Any CPU
	EndGlobalSection
	GlobalSection(ProjectConfigurationPlatforms) = postSolution
		{7AECB3D3-9D5B-475D-BDA5-078D46319AA8}.Debug|Any CPU.ActiveCfg = Debug|Any CPU
		{7AECB3D3-9D5B-475D-BDA5-078D46319AA8}.Debug|Any CPU.Build.0 = Debug|Any CPU
		{7AECB3D3-9D5B-475D-BDA5-078D46319AA8}.Release|Any CPU.ActiveCfg = Release|Any CPU
		{7AECB3D3-9D5B-475D-BDA5-078D46319AA8}.Release|Any CPU.Build.0 = Release|Any CPU
	EndGlobalSection
	GlobalSection(SolutionProperties) = preSolution
		HideSolutionNode = FALSE
	EndGlobalSection
	GlobalSection(ExtensibilityGlobals) = postSolution
		SolutionGuid = {49038A98-C115-43A3-9799-691E2892B23E}
	EndGlobalSection
EndGlobal
